
Microsoft Visual Studio Solution File, Format Version 12.00
# Visual Studio Version 17
VisualStudioVersion = 17.11.35312.102
MinimumVisualStudioVersion = 10.0.40219.1
Project("{9A19103F-16F7-4668-BE54-9A1E7A4F7556}") = "SendSafelyCLI", "SendSafelyCLI\SendSafelyCLI.csproj", "{B70A2939-2020-4206-9696-F5963CACC3B3}"
EndProject
Global
	GlobalSection(SolutionConfigurationPlatforms) = preSolution
		Debug|Any CPU = Debug|Any CPU
		Debug|Mixed Platforms = Debug|Mixed Platforms
		Debug|x86 = Debug|x86
		Release|Any CPU = Release|Any CPU
		Release|Mixed Platforms = Release|Mixed Platforms
		Release|x86 = Release|x86
	EndGlobalSection
	GlobalSection(ProjectConfigurationPlatforms) = postSolution
		{B70A2939-2020-4206-9696-F5963CACC3B3}.Debug|Any CPU.ActiveCfg = Debug|Any CPU
		{B70A2939-2020-4206-9696-F5963CACC3B3}.Debug|Any CPU.Build.0 = Debug|Any CPU
		{B70A2939-2020-4206-9696-F5963CACC3B3}.Debug|Mixed Platforms.ActiveCfg = Debug|Any CPU
		{B70A2939-2020-4206-9696-F5963CACC3B3}.Debug|Mixed Platforms.Build.0 = Debug|Any CPU
		{B70A2939-2020-4206-9696-F5963CACC3B3}.Debug|x86.ActiveCfg = Debug|Any CPU
		{B70A2939-2020-4206-9696-F5963CACC3B3}.Debug|x86.Build.0 = Debug|Any CPU
		{B70A2939-2020-4206-9696-F5963CACC3B3}.Release|Any CPU.ActiveCfg = Release|Any CPU
		{B70A2939-2020-4206-9696-F5963CACC3B3}.Release|Any CPU.Build.0 = Release|Any CPU
		{B70A2939-2020-4206-9696-F5963CACC3B3}.Release|Mixed Platforms.ActiveCfg = Release|Any CPU
		{B70A2939-2020-4206-9696-F5963CACC3B3}.Release|Mixed Platforms.Build.0 = Release|Any CPU
		{B70A2939-2020-4206-9696-F5963CACC3B3}.Release|x86.ActiveCfg = Release|Any CPU
		{B70A2939-2020-4206-9696-F5963CACC3B3}.Release|x86.Build.0 = Release|Any CPU
	EndGlobalSection
	GlobalSection(SolutionProperties) = preSolution
		HideSolutionNode = FALSE
	EndGlobalSection
	GlobalSection(ExtensibilityGlobals) = postSolution
		SolutionGuid = {F3C0E96A-B261-45FA-87B5-6C1120B71671}
	EndGlobalSection
	GlobalSection(TestCaseManagementSettings) = postSolution
		CategoryFile = RefApp.vsmdi
	EndGlobalSection
EndGlobal
